
Microsoft Visual Studio Solution File, Format Version 12.00
# Visual Studio Version 17
VisualStudioVersion = 17.8.34525.116
MinimumVisualStudioVersion = 10.0.40219.1
Project("{FAE04EC0-301F-11D3-BF4B-00C04F79EFBC}") = "LINQ", "LINQ\LINQ.csproj", "{D78ABC10-0208-4790-BB95-4D63DAE4A4DD}"
EndProject
Project("{FAE04EC0-301F-11D3-BF4B-00C04F79EFBC}") = "ProjectionOperator", "ProjectionOperator\ProjectionOperator.csproj", "{FA9FA2EB-25F8-4700-A987-B90280378155}"
EndProject
Global
	GlobalSection(SolutionConfigurationPlatforms) = preSolution
		Debug|Any CPU = Debug|Any CPU
		Release|Any CPU = Release|Any CPU
	EndGlobalSection
	GlobalSection(ProjectConfigurationPlatforms) = postSolution
		{D78ABC10-0208-4790-BB95-4D63DAE4A4DD}.Debug|Any CPU.ActiveCfg = Debug|Any CPU
		{D78ABC10-0208-4790-BB95-4D63DAE4A4DD}.Debug|Any CPU.Build.0 = Debug|Any CPU
		{D78ABC10-0208-4790-BB95-4D63DAE4A4DD}.Release|Any CPU.ActiveCfg = Release|Any CPU
		{D78ABC10-0208-4790-BB95-4D63DAE4A4DD}.Release|Any CPU.Build.0 = Release|Any CPU
		{FA9FA2EB-25F8-4700-A987-B90280378155}.Debug|Any CPU.ActiveCfg = Debug|Any CPU
		{FA9FA2EB-25F8-4700-A987-B90280378155}.Debug|Any CPU.Build.0 = Debug|Any CPU
		{FA9FA2EB-25F8-4700-A987-B90280378155}.Release|Any CPU.ActiveCfg = Release|Any CPU
		{FA9FA2EB-25F8-4700-A987-B90280378155}.Release|Any CPU.Build.0 = Release|Any CPU
	EndGlobalSection
	GlobalSection(SolutionProperties) = preSolution
		HideSolutionNode = FALSE
	EndGlobalSection
	GlobalSection(ExtensibilityGlobals) = postSolution
		SolutionGuid = {87596403-A197-4707-AB4A-B926C1536BF9}
	EndGlobalSection
EndGlobal
